// !$*UTF8*$!
{
	archiveVersion = 1;
	classes = {
	};
	objectVersion = 50;
	objects = {

/* Begin PBXBuildFile section */
		222E8FB825EF39520013F6A6 /* AppDelegate.swift in Sources */ = {isa = PBXBuildFile; fileRef = 222E8FB725EF39520013F6A6 /* AppDelegate.swift */; };
		222E8FBA25EF39520013F6A6 /* SceneDelegate.swift in Sources */ = {isa = PBXBuildFile; fileRef = 222E8FB925EF39520013F6A6 /* SceneDelegate.swift */; };
		222E8FBC25EF39520013F6A6 /* ListaDePerrosViewController.swift in Sources */ = {isa = PBXBuildFile; fileRef = 222E8FBB25EF39520013F6A6 /* ListaDePerrosViewController.swift */; };
		222E8FC225EF39520013F6A6 /* PerroImagen.xcdatamodeld in Sources */ = {isa = PBXBuildFile; fileRef = 222E8FC025EF39520013F6A6 /* PerroImagen.xcdatamodeld */; };
		222E8FC425EF39570013F6A6 /* Assets.xcassets in Resources */ = {isa = PBXBuildFile; fileRef = 222E8FC325EF39570013F6A6 /* Assets.xcassets */; };
		222E8FD225EF39580013F6A6 /* PerroImagenTests.swift in Sources */ = {isa = PBXBuildFile; fileRef = 222E8FD125EF39580013F6A6 /* PerroImagenTests.swift */; };
		222E8FDD25EF39580013F6A6 /* PerroImagenUITests.swift in Sources */ = {isa = PBXBuildFile; fileRef = 222E8FDC25EF39580013F6A6 /* PerroImagenUITests.swift */; };
		22427A4C25F08B0A0001C27B /* SubRazasViewController.swift in Sources */ = {isa = PBXBuildFile; fileRef = 22427A4B25F08B0A0001C27B /* SubRazasViewController.swift */; };
		22427A6C25F0C7F00001C27B /* DetallesViewController.swift in Sources */ = {isa = PBXBuildFile; fileRef = 22427A6B25F0C7F00001C27B /* DetallesViewController.swift */; };
/* End PBXBuildFile section */

/* Begin PBXContainerItemProxy section */
		222E8FCE25EF39580013F6A6 /* PBXContainerItemProxy */ = {
			isa = PBXContainerItemProxy;
			containerPortal = 222E8FAC25EF39520013F6A6 /* Project object */;
			proxyType = 1;
			remoteGlobalIDString = 222E8FB325EF39520013F6A6;
			remoteInfo = PerroImagen;
		};
		222E8FD925EF39580013F6A6 /* PBXContainerItemProxy */ = {
			isa = PBXContainerItemProxy;
			containerPortal = 222E8FAC25EF39520013F6A6 /* Project object */;
			proxyType = 1;
			remoteGlobalIDString = 222E8FB325EF39520013F6A6;
			remoteInfo = PerroImagen;
		};
/* End PBXContainerItemProxy section */

/* Begin PBXFileReference section */
		222E8FB425EF39520013F6A6 /* PerroImagen.app */ = {isa = PBXFileReference; explicitFileType = wrapper.application; includeInIndex = 0; path = PerroImagen.app; sourceTree = BUILT_PRODUCTS_DIR; };
		222E8FB725EF39520013F6A6 /* AppDelegate.swift */ = {isa = PBXFileReference; lastKnownFileType = sourcecode.swift; path = AppDelegate.swift; sourceTree = "<group>"; };
		222E8FB925EF39520013F6A6 /* SceneDelegate.swift */ = {isa = PBXFileReference; lastKnownFileType = sourcecode.swift; path = SceneDelegate.swift; sourceTree = "<group>"; };
		222E8FBB25EF39520013F6A6 /* ListaDePerrosViewController.swift */ = {isa = PBXFileReference; lastKnownFileType = sourcecode.swift; path = ListaDePerrosViewController.swift; sourceTree = "<group>"; };
		222E8FC125EF39520013F6A6 /* PerroImagen.xcdatamodel */ = {isa = PBXFileReference; lastKnownFileType = wrapper.xcdatamodel; path = PerroImagen.xcdatamodel; sourceTree = "<group>"; };
		222E8FC325EF39570013F6A6 /* Assets.xcassets */ = {isa = PBXFileReference; lastKnownFileType = folder.assetcatalog; path = Assets.xcassets; sourceTree = "<group>"; };
		222E8FC825EF39570013F6A6 /* Info.plist */ = {isa = PBXFileReference; lastKnownFileType = text.plist.xml; path = Info.plist; sourceTree = "<group>"; };
		222E8FCD25EF39580013F6A6 /* PerroImagenTests.xctest */ = {isa = PBXFileReference; explicitFileType = wrapper.cfbundle; includeInIndex = 0; path = PerroImagenTests.xctest; sourceTree = BUILT_PRODUCTS_DIR; };
		222E8FD125EF39580013F6A6 /* PerroImagenTests.swift */ = {isa = PBXFileReference; lastKnownFileType = sourcecode.swift; path = PerroImagenTests.swift; sourceTree = "<group>"; };
		222E8FD325EF39580013F6A6 /* Info.plist */ = {isa = PBXFileReference; lastKnownFileType = text.plist.xml; path = Info.plist; sourceTree = "<group>"; };
		222E8FD825EF39580013F6A6 /* PerroImagenUITests.xctest */ = {isa = PBXFileReference; explicitFileType = wrapper.cfbundle; includeInIndex = 0; path = PerroImagenUITests.xctest; sourceTree = BUILT_PRODUCTS_DIR; };
		222E8FDC25EF39580013F6A6 /* PerroImagenUITests.swift */ = {isa = PBXFileReference; lastKnownFileType = sourcecode.swift; path = PerroImagenUITests.swift; sourceTree = "<group>"; };
		222E8FDE25EF39580013F6A6 /* Info.plist */ = {isa = PBXFileReference; lastKnownFileType = text.plist.xml; path = Info.plist; sourceTree = "<group>"; };
		22427A4B25F08B0A0001C27B /* SubRazasViewController.swift */ = {isa = PBXFileReference; lastKnownFileType = sourcecode.swift; path = SubRazasViewController.swift; sourceTree = "<group>"; };
		22427A6B25F0C7F00001C27B /* DetallesViewController.swift */ = {isa = PBXFileReference; lastKnownFileType = sourcecode.swift; path = DetallesViewController.swift; sourceTree = "<group>"; };
/* End PBXFileReference section */

/* Begin PBXFrameworksBuildPhase section */
		222E8FB125EF39520013F6A6 /* Frameworks */ = {
			isa = PBXFrameworksBuildPhase;
			buildActionMask = 2147483647;
			files = (
			);
			runOnlyForDeploymentPostprocessing = 0;
		};
		222E8FCA25EF39580013F6A6 /* Frameworks */ = {
			isa = PBXFrameworksBuildPhase;
			buildActionMask = 2147483647;
			files = (
			);
			runOnlyForDeploymentPostprocessing = 0;
		};
		222E8FD525EF39580013F6A6 /* Frameworks */ = {
			isa = PBXFrameworksBuildPhase;
			buildActionMask = 2147483647;
			files = (
			);
			runOnlyForDeploymentPostprocessing = 0;
		};
/* End PBXFrameworksBuildPhase section */

/* Begin PBXGroup section */
		222E8FAB25EF39520013F6A6 = {
			isa = PBXGroup;
			children = (
				222E8FB625EF39520013F6A6 /* PerroImagen */,
				222E8FD025EF39580013F6A6 /* PerroImagenTests */,
				222E8FDB25EF39580013F6A6 /* PerroImagenUITests */,
				222E8FB525EF39520013F6A6 /* Products */,
			);
			sourceTree = "<group>";
		};
		222E8FB525EF39520013F6A6 /* Products */ = {
			isa = PBXGroup;
			children = (
				222E8FB425EF39520013F6A6 /* PerroImagen.app */,
				222E8FCD25EF39580013F6A6 /* PerroImagenTests.xctest */,
				222E8FD825EF39580013F6A6 /* PerroImagenUITests.xctest */,
			);
			name = Products;
			sourceTree = "<group>";
		};
		222E8FB625EF39520013F6A6 /* PerroImagen */ = {
			isa = PBXGroup;
			children = (
				22427A4B25F08B0A0001C27B /* SubRazasViewController.swift */,
				222E8FB725EF39520013F6A6 /* AppDelegate.swift */,
				222E8FB925EF39520013F6A6 /* SceneDelegate.swift */,
				222E8FBB25EF39520013F6A6 /* ListaDePerrosViewController.swift */,
				222E8FC325EF39570013F6A6 /* Assets.xcassets */,
				222E8FC825EF39570013F6A6 /* Info.plist */,
				222E8FC025EF39520013F6A6 /* PerroImagen.xcdatamodeld */,
				22427A6B25F0C7F00001C27B /* DetallesViewController.swift */,
			);
			path = PerroImagen;
			sourceTree = "<group>";
		};
		222E8FD025EF39580013F6A6 /* PerroImagenTests */ = {
			isa = PBXGroup;
			children = (
				222E8FD125EF39580013F6A6 /* PerroImagenTests.swift */,
				222E8FD325EF39580013F6A6 /* Info.plist */,
			);
			path = PerroImagenTests;
			sourceTree = "<group>";
		};
		222E8FDB25EF39580013F6A6 /* PerroImagenUITests */ = {
			isa = PBXGroup;
			children = (
				222E8FDC25EF39580013F6A6 /* PerroImagenUITests.swift */,
				222E8FDE25EF39580013F6A6 /* Info.plist */,
			);
			path = PerroImagenUITests;
			sourceTree = "<group>";
		};
/* End PBXGroup section */

/* Begin PBXNativeTarget section */
		222E8FB325EF39520013F6A6 /* PerroImagen */ = {
			isa = PBXNativeTarget;
			buildConfigurationList = 222E8FE125EF39580013F6A6 /* Build configuration list for PBXNativeTarget "PerroImagen" */;
			buildPhases = (
				222E8FB025EF39520013F6A6 /* Sources */,
				222E8FB125EF39520013F6A6 /* Frameworks */,
				222E8FB225EF39520013F6A6 /* Resources */,
			);
			buildRules = (
			);
			dependencies = (
			);
			name = PerroImagen;
			productName = PerroImagen;
			productReference = 222E8FB425EF39520013F6A6 /* PerroImagen.app */;
			productType = "com.apple.product-type.application";
		};
		222E8FCC25EF39580013F6A6 /* PerroImagenTests */ = {
			isa = PBXNativeTarget;
			buildConfigurationList = 222E8FE425EF39580013F6A6 /* Build configuration list for PBXNativeTarget "PerroImagenTests" */;
			buildPhases = (
				222E8FC925EF39580013F6A6 /* Sources */,
				222E8FCA25EF39580013F6A6 /* Frameworks */,
				222E8FCB25EF39580013F6A6 /* Resources */,
			);
			buildRules = (
			);
			dependencies = (
				222E8FCF25EF39580013F6A6 /* PBXTargetDependency */,
			);
			name = PerroImagenTests;
			productName = PerroImagenTests;
			productReference = 222E8FCD25EF39580013F6A6 /* PerroImagenTests.xctest */;
			productType = "com.apple.product-type.bundle.unit-test";
		};
		222E8FD725EF39580013F6A6 /* PerroImagenUITests */ = {
			isa = PBXNativeTarget;
			buildConfigurationList = 222E8FE725EF39580013F6A6 /* Build configuration list for PBXNativeTarget "PerroImagenUITests" */;
			buildPhases = (
				222E8FD425EF39580013F6A6 /* Sources */,
				222E8FD525EF39580013F6A6 /* Frameworks */,
				222E8FD625EF39580013F6A6 /* Resources */,
			);
			buildRules = (
			);
			dependencies = (
				222E8FDA25EF39580013F6A6 /* PBXTargetDependency */,
			);
			name = PerroImagenUITests;
			productName = PerroImagenUITests;
			productReference = 222E8FD825EF39580013F6A6 /* PerroImagenUITests.xctest */;
			productType = "com.apple.product-type.bundle.ui-testing";
		};
/* End PBXNativeTarget section */

/* Begin PBXProject section */
		222E8FAC25EF39520013F6A6 /* Project object */ = {
			isa = PBXProject;
			attributes = {
				LastSwiftUpdateCheck = 1230;
				LastUpgradeCheck = 1230;
				TargetAttributes = {
					222E8FB325EF39520013F6A6 = {
						CreatedOnToolsVersion = 12.3;
					};
					222E8FCC25EF39580013F6A6 = {
						CreatedOnToolsVersion = 12.3;
						TestTargetID = 222E8FB325EF39520013F6A6;
					};
					222E8FD725EF39580013F6A6 = {
						CreatedOnToolsVersion = 12.3;
						TestTargetID = 222E8FB325EF39520013F6A6;
					};
				};
			};
			buildConfigurationList = 222E8FAF25EF39520013F6A6 /* Build configuration list for PBXProject "PerroImagen" */;
			compatibilityVersion = "Xcode 9.3";
			developmentRegion = en;
			hasScannedForEncodings = 0;
			knownRegions = (
				en,
				Base,
			);
			mainGroup = 222E8FAB25EF39520013F6A6;
			productRefGroup = 222E8FB525EF39520013F6A6 /* Products */;
			projectDirPath = "";
			projectRoot = "";
			targets = (
				222E8FB325EF39520013F6A6 /* PerroImagen */,
				222E8FCC25EF39580013F6A6 /* PerroImagenTests */,
				222E8FD725EF39580013F6A6 /* PerroImagenUITests */,
			);
		};
/* End PBXProject section */

/* Begin PBXResourcesBuildPhase section */
		222E8FB225EF39520013F6A6 /* Resources */ = {
			isa = PBXResourcesBuildPhase;
			buildActionMask = 2147483647;
			files = (
				222E8FC425EF39570013F6A6 /* Assets.xcassets in Resources */,
			);
			runOnlyForDeploymentPostprocessing = 0;
		};
		222E8FCB25EF39580013F6A6 /* Resources */ = {
			isa = PBXResourcesBuildPhase;
			buildActionMask = 2147483647;
			files = (
			);
			runOnlyForDeploymentPostprocessing = 0;
		};
		222E8FD625EF39580013F6A6 /* Resources */ = {
			isa = PBXResourcesBuildPhase;
			buildActionMask = 2147483647;
			files = (
			);
			runOnlyForDeploymentPostprocessing = 0;
		};
/* End PBXResourcesBuildPhase section */

/* Begin PBXSourcesBuildPhase section */
		222E8FB025EF39520013F6A6 /* Sources */ = {
			isa = PBXSourcesBuildPhase;
			buildActionMask = 2147483647;
			files = (
				22427A6C25F0C7F00001C27B /* DetallesViewController.swift in Sources */,
				222E8FBC25EF39520013F6A6 /* ListaDePerrosViewController.swift in Sources */,
				222E8FC225EF39520013F6A6 /* PerroImagen.xcdatamodeld in Sources */,
				222E8FB825EF39520013F6A6 /* AppDelegate.swift in Sources */,
				222E8FBA25EF39520013F6A6 /* SceneDelegate.swift in Sources */,
				22427A4C25F08B0A0001C27B /* SubRazasViewController.swift in Sources */,
			);
			runOnlyForDeploymentPostprocessing = 0;
		};
		222E8FC925EF39580013F6A6 /* Sources */ = {
			isa = PBXSourcesBuildPhase;
			buildActionMask = 2147483647;
			files = (
				222E8FD225EF39580013F6A6 /* PerroImagenTests.swift in Sources */,
			);
			runOnlyForDeploymentPostprocessing = 0;
		};
		222E8FD425EF39580013F6A6 /* Sources */ = {
			isa = PBXSourcesBuildPhase;
			buildActionMask = 2147483647;
			files = (
				222E8FDD25EF39580013F6A6 /* PerroImagenUITests.swift in Sources */,
			);
			runOnlyForDeploymentPostprocessing = 0;
		};
/* End PBXSourcesBuildPhase section */

/* Begin PBXTargetDependency section */
		222E8FCF25EF39580013F6A6 /* PBXTargetDependency */ = {
			isa = PBXTargetDependency;
			target = 222E8FB325EF39520013F6A6 /* PerroImagen */;
			targetProxy = 222E8FCE25EF39580013F6A6 /* PBXContainerItemProxy */;
		};
		222E8FDA25EF39580013F6A6 /* PBXTargetDependency */ = {
			isa = PBXTargetDependency;
			target = 222E8FB325EF39520013F6A6 /* PerroImagen */;
			targetProxy = 222E8FD925EF39580013F6A6 /* PBXContainerItemProxy */;
		};
/* End PBXTargetDependency section */

/* Begin XCBuildConfiguration section */
		222E8FDF25EF39580013F6A6 /* Debug */ = {
			isa = XCBuildConfiguration;
			buildSettings = {
				ALWAYS_SEARCH_USER_PATHS = NO;
				CLANG_ANALYZER_NONNULL = YES;
				CLANG_ANALYZER_NUMBER_OBJECT_CONVERSION = YES_AGGRESSIVE;
				CLANG_CXX_LANGUAGE_STANDARD = "gnu++14";
				CLANG_CXX_LIBRARY = "libc++";
				CLANG_ENABLE_MODULES = YES;
				CLANG_ENABLE_OBJC_ARC = YES;
				CLANG_ENABLE_OBJC_WEAK = YES;
				CLANG_WARN_BLOCK_CAPTURE_AUTORELEASING = YES;
				CLANG_WARN_BOOL_CONVERSION = YES;
				CLANG_WARN_COMMA = YES;
				CLANG_WARN_CONSTANT_CONVERSION = YES;
				CLANG_WARN_DEPRECATED_OBJC_IMPLEMENTATIONS = YES;
				CLANG_WARN_DIRECT_OBJC_ISA_USAGE = YES_ERROR;
				CLANG_WARN_DOCUMENTATION_COMMENTS = YES;
				CLANG_WARN_EMPTY_BODY = YES;
				CLANG_WARN_ENUM_CONVERSION = YES;
				CLANG_WARN_INFINITE_RECURSION = YES;
				CLANG_WARN_INT_CONVERSION = YES;
				CLANG_WARN_NON_LITERAL_NULL_CONVERSION = YES;
				CLANG_WARN_OBJC_IMPLICIT_RETAIN_SELF = YES;
				CLANG_WARN_OBJC_LITERAL_CONVERSION = YES;
				CLANG_WARN_OBJC_ROOT_CLASS = YES_ERROR;
				CLANG_WARN_QUOTED_INCLUDE_IN_FRAMEWORK_HEADER = YES;
				CLANG_WARN_RANGE_LOOP_ANALYSIS = YES;
				CLANG_WARN_STRICT_PROTOTYPES = YES;
				CLANG_WARN_SUSPICIOUS_MOVE = YES;
				CLANG_WARN_UNGUARDED_AVAILABILITY = YES_AGGRESSIVE;
				CLANG_WARN_UNREACHABLE_CODE = YES;
				CLANG_WARN__DUPLICATE_METHOD_MATCH = YES;
				COPY_PHASE_STRIP = NO;
				DEBUG_INFORMATION_FORMAT = dwarf;
				ENABLE_STRICT_OBJC_MSGSEND = YES;
				ENABLE_TESTABILITY = YES;
				GCC_C_LANGUAGE_STANDARD = gnu11;
				GCC_DYNAMIC_NO_PIC = NO;
				GCC_NO_COMMON_BLOCKS = YES;
				GCC_OPTIMIZATION_LEVEL = 0;
				GCC_PREPROCESSOR_DEFINITIONS = (
					"DEBUG=1",
					"$(inherited)",
				);
				GCC_WARN_64_TO_32_BIT_CONVERSION = YES;
				GCC_WARN_ABOUT_RETURN_TYPE = YES_ERROR;
				GCC_WARN_UNDECLARED_SELECTOR = YES;
				GCC_WARN_UNINITIALIZED_AUTOS = YES_AGGRESSIVE;
				GCC_WARN_UNUSED_FUNCTION = YES;
				GCC_WARN_UNUSED_VARIABLE = YES;
				IPHONEOS_DEPLOYMENT_TARGET = 14.3;
				MTL_ENABLE_DEBUG_INFO = INCLUDE_SOURCE;
				MTL_FAST_MATH = YES;
				ONLY_ACTIVE_ARCH = YES;
				SDKROOT = iphoneos;
				SWIFT_ACTIVE_COMPILATION_CONDITIONS = DEBUG;
				SWIFT_OPTIMIZATION_LEVEL = "-Onone";
			};
			name = Debug;
		};
		222E8FE025EF39580013F6A6 /* Release */ = {
			isa = XCBuildConfiguration;
			buildSettings = {
				ALWAYS_SEARCH_USER_PATHS = NO;
				CLANG_ANALYZER_NONNULL = YES;
				CLANG_ANALYZER_NUMBER_OBJECT_CONVERSION = YES_AGGRESSIVE;
				CLANG_CXX_LANGUAGE_STANDARD = "gnu++14";
				CLANG_CXX_LIBRARY = "libc++";
				CLANG_ENABLE_MODULES = YES;
				CLANG_ENABLE_OBJC_ARC = YES;
				CLANG_ENABLE_OBJC_WEAK = YES;
				CLANG_WARN_BLOCK_CAPTURE_AUTORELEASING = YES;
				CLANG_WARN_BOOL_CONVERSION = YES;
				CLANG_WARN_COMMA = YES;
				CLANG_WARN_CONSTANT_CONVERSION = YES;
				CLANG_WARN_DEPRECATED_OBJC_IMPLEMENTATIONS = YES;
				CLANG_WARN_DIRECT_OBJC_ISA_USAGE = YES_ERROR;
				CLANG_WARN_DOCUMENTATION_COMMENTS = YES;
				CLANG_WARN_EMPTY_BODY = YES;
				CLANG_WARN_ENUM_CONVERSION = YES;
				CLANG_WARN_INFINITE_RECURSION = YES;
				CLANG_WARN_INT_CONVERSION = YES;
				CLANG_WARN_NON_LITERAL_NULL_CONVERSION = YES;
				CLANG_WARN_OBJC_IMPLICIT_RETAIN_SELF = YES;
				CLANG_WARN_OBJC_LITERAL_CONVERSION = YES;
				CLANG_WARN_OBJC_ROOT_CLASS = YES_ERROR;
				CLANG_WARN_QUOTED_INCLUDE_IN_FRAMEWORK_HEADER = YES;
				CLANG_WARN_RANGE_LOOP_ANALYSIS = YES;
				CLANG_WARN_STRICT_PROTOTYPES = YES;
				CLANG_WARN_SUSPICIOUS_MOVE = YES;
				CLANG_WARN_UNGUARDED_AVAILABILITY = YES_AGGRESSIVE;
				CLANG_WARN_UNREACHABLE_CODE = YES;
				CLANG_WARN__DUPLICATE_METHOD_MATCH = YES;
				COPY_PHASE_STRIP = NO;
				DEBUG_INFORMATION_FORMAT = "dwarf-with-dsym";
				ENABLE_NS_ASSERTIONS = NO;
				ENABLE_STRICT_OBJC_MSGSEND = YES;
				GCC_C_LANGUAGE_STANDARD = gnu11;
				GCC_NO_COMMON_BLOCKS = YES;
				GCC_WARN_64_TO_32_BIT_CONVERSION = YES;
				GCC_WARN_ABOUT_RETURN_TYPE = YES_ERROR;
				GCC_WARN_UNDECLARED_SELECTOR = YES;
				GCC_WARN_UNINITIALIZED_AUTOS = YES_AGGRESSIVE;
				GCC_WARN_UNUSED_FUNCTION = YES;
				GCC_WARN_UNUSED_VARIABLE = YES;
				IPHONEOS_DEPLOYMENT_TARGET = 14.3;
				MTL_ENABLE_DEBUG_INFO = NO;
				MTL_FAST_MATH = YES;
				SDKROOT = iphoneos;
				SWIFT_COMPILATION_MODE = wholemodule;
				SWIFT_OPTIMIZATION_LEVEL = "-O";
				VALIDATE_PRODUCT = YES;
			};
			name = Release;
		};
		222E8FE225EF39580013F6A6 /* Debug */ = {
			isa = XCBuildConfiguration;
			buildSettings = {
				ASSETCATALOG_COMPILER_APPICON_NAME = AppIcon;
				ASSETCATALOG_COMPILER_GLOBAL_ACCENT_COLOR_NAME = AccentColor;
				CODE_SIGN_STYLE = Automatic;
				DEVELOPMENT_TEAM = TZDF6FGCZA;
				INFOPLIST_FILE = PerroImagen/Info.plist;
				IPHONEOS_DEPLOYMENT_TARGET = 13.0;
				LD_RUNPATH_SEARCH_PATHS = (
					"$(inherited)",
					"@executable_path/Frameworks",
				);
				PRODUCT_BUNDLE_IDENTIFIER = com.Mark.PerroImagen;
				PRODUCT_NAME = "$(TARGET_NAME)";
				SWIFT_VERSION = 5.0;
				TARGETED_DEVICE_FAMILY = "1,2";
			};
			name = Debug;
		};
		222E8FE325EF39580013F6A6 /* Release */ = {
			isa = XCBuildConfiguration;
			buildSettings = {
				ASSETCATALOG_COMPILER_APPICON_NAME = AppIcon;
				ASSETCATALOG_COMPILER_GLOBAL_ACCENT_COLOR_NAME = AccentColor;
				CODE_SIGN_STYLE = Automatic;
				DEVELOPMENT_TEAM = TZDF6FGCZA;
				INFOPLIST_FILE = PerroImagen/Info.plist;
				IPHONEOS_DEPLOYMENT_TARGET = 13.0;
				LD_RUNPATH_SEARCH_PATHS = (
					"$(inherited)",
					"@executable_path/Frameworks",
				);
				PRODUCT_BUNDLE_IDENTIFIER = com.Mark.PerroImagen;
				PRODUCT_NAME = "$(TARGET_NAME)";
				SWIFT_VERSION = 5.0;
				TARGETED_DEVICE_FAMILY = "1,2";
			};
			name = Release;
		};
		222E8FE525EF39580013F6A6 /* Debug */ = {
			isa = XCBuildConfiguration;
			buildSettings = {
				ALWAYS_EMBED_SWIFT_STANDARD_LIBRARIES = YES;
				BUNDLE_LOADER = "$(TEST_HOST)";
				CODE_SIGN_STYLE = Automatic;
				DEVELOPMENT_TEAM = TZDF6FGCZA;
				INFOPLIST_FILE = PerroImagenTests/Info.plist;
				IPHONEOS_DEPLOYMENT_TARGET = 14.3;
				LD_RUNPATH_SEARCH_PATHS = (
					"$(inherited)",
					"@executable_path/Frameworks",
					"@loader_path/Frameworks",
				);
				PRODUCT_BUNDLE_IDENTIFIER = com.Mark.PerroImagenTests;
				PRODUCT_NAME = "$(TARGET_NAME)";
				SWIFT_VERSION = 5.0;
				TARGETED_DEVICE_FAMILY = "1,2";
				TEST_HOST = "$(BUILT_PRODUCTS_DIR)/PerroImagen.app/PerroImagen";
			};
			name = Debug;
		};
		222E8FE625EF39580013F6A6 /* Release */ = {
			isa = XCBuildConfiguration;
			buildSettings = {
				ALWAYS_EMBED_SWIFT_STANDARD_LIBRARIES = YES;
				BUNDLE_LOADER = "$(TEST_HOST)";
				CODE_SIGN_STYLE = Automatic;
				DEVELOPMENT_TEAM = TZDF6FGCZA;
				INFOPLIST_FILE = PerroImagenTests/Info.plist;
				IPHONEOS_DEPLOYMENT_TARGET = 14.3;
				LD_RUNPATH_SEARCH_PATHS = (
					"$(inherited)",
					"@executable_path/Frameworks",
					"@loader_path/Frameworks",
				);
				PRODUCT_BUNDLE_IDENTIFIER = com.Mark.PerroImagenTests;
				PRODUCT_NAME = "$(TARGET_NAME)";
				SWIFT_VERSION = 5.0;
				TARGETED_DEVICE_FAMILY = "1,2";
				TEST_HOST = "$(BUILT_PRODUCTS_DIR)/PerroImagen.app/PerroImagen";
			};
			name = Release;
		};
		222E8FE825EF39580013F6A6 /* Debug */ = {
			isa = XCBuildConfiguration;
			buildSettings = {
				ALWAYS_EMBED_SWIFT_STANDARD_LIBRARIES = YES;
				CODE_SIGN_STYLE = Automatic;
				DEVELOPMENT_TEAM = TZDF6FGCZA;
				INFOPLIST_FILE = PerroImagenUITests/Info.plist;
				LD_RUNPATH_SEARCH_PATHS = (
					"$(inherited)",
					"@executable_path/Frameworks",
					"@loader_path/Frameworks",
				);
				PRODUCT_BUNDLE_IDENTIFIER = com.Mark.PerroImagenUITests;
				PRODUCT_NAME = "$(TARGET_NAME)";
				SWIFT_VERSION = 5.0;
				TARGETED_DEVICE_FAMILY = "1,2";
				TEST_TARGET_NAME = PerroImagen;
			};
			name = Debug;
		};
		222E8FE925EF39580013F6A6 /* Release */ = {
			isa = XCBuildConfiguration;
			buildSettings = {
				ALWAYS_EMBED_SWIFT_STANDARD_LIBRARIES = YES;
				CODE_SIGN_STYLE = Automatic;
				DEVELOPMENT_TEAM = TZDF6FGCZA;
				INFOPLIST_FILE = PerroImagenUITests/Info.plist;
				LD_RUNPATH_SEARCH_PATHS = (
					"$(inherited)",
					"@executable_path/Frameworks",
					"@loader_path/Frameworks",
				);
				PRODUCT_BUNDLE_IDENTIFIER = com.Mark.PerroImagenUITests;
				PRODUCT_NAME = "$(TARGET_NAME)";
				SWIFT_VERSION = 5.0;
				TARGETED_DEVICE_FAMILY = "1,2";
				TEST_TARGET_NAME = PerroImagen;
			};
			name = Release;
		};
/* End XCBuildConfiguration section */

/* Begin XCConfigurationList section */
		222E8FAF25EF39520013F6A6 /* Build configuration list for PBXProject "PerroImagen" */ = {
			isa = XCConfigurationList;
			buildConfigurations = (
				222E8FDF25EF39580013F6A6 /* Debug */,
				222E8FE025EF39580013F6A6 /* Release */,
			);
			defaultConfigurationIsVisible = 0;
			defaultConfigurationName = Release;
		};
		222E8FE125EF39580013F6A6 /* Build configuration list for PBXNativeTarget "PerroImagen" */ = {
			isa = XCConfigurationList;
			buildConfigurations = (
				222E8FE225EF39580013F6A6 /* Debug */,
				222E8FE325EF39580013F6A6 /* Release */,
			);
			defaultConfigurationIsVisible = 0;
			defaultConfigurationName = Release;
		};
		222E8FE425EF39580013F6A6 /* Build configuration list for PBXNativeTarget "PerroImagenTests" */ = {
			isa = XCConfigurationList;
			buildConfigurations = (
				222E8FE525EF39580013F6A6 /* Debug */,
				222E8FE625EF39580013F6A6 /* Release */,
			);
			defaultConfigurationIsVisible = 0;
			defaultConfigurationName = Release;
		};
		222E8FE725EF39580013F6A6 /* Build configuration list for PBXNativeTarget "PerroImagenUITests" */ = {
			isa = XCConfigurationList;
			buildConfigurations = (
				222E8FE825EF39580013F6A6 /* Debug */,
				222E8FE925EF39580013F6A6 /* Release */,
			);
			defaultConfigurationIsVisible = 0;
			defaultConfigurationName = Release;
		};
/* End XCConfigurationList section */

/* Begin XCVersionGroup section */
		222E8FC025EF39520013F6A6 /* PerroImagen.xcdatamodeld */ = {
			isa = XCVersionGroup;
			children = (
				222E8FC125EF39520013F6A6 /* PerroImagen.xcdatamodel */,
			);
			currentVersion = 222E8FC125EF39520013F6A6 /* PerroImagen.xcdatamodel */;
			path = PerroImagen.xcdatamodeld;
			sourceTree = "<group>";
			versionGroupType = wrapper.xcdatamodel;
		};
/* End XCVersionGroup section */
	};
	rootObject = 222E8FAC25EF39520013F6A6 /* Project object */;
}
